
Microsoft Visual Studio Solution File, Format Version 12.00
# Visual Studio 15
VisualStudioVersion = 15.0.26730.16
MinimumVisualStudioVersion = 10.0.40219.1
Project("{FAE04EC0-301F-11D3-BF4B-00C04F79EFBC}") = "APITokenConsoleApp1", "APITokenConsoleApp1\APITokenConsoleApp1.csproj", "{650C9741-3B8B-4C85-B3A0-8F584119FAFA}"
EndProject
Global
	GlobalSection(SolutionConfigurationPlatforms) = preSolution
		Debug|Any CPU = Debug|Any CPU
		Release|Any CPU = Release|Any CPU
	EndGlobalSection
	GlobalSection(ProjectConfigurationPlatforms) = postSolution
		{650C9741-3B8B-4C85-B3A0-8F584119FAFA}.Debug|Any CPU.ActiveCfg = Debug|Any CPU
		{650C9741-3B8B-4C85-B3A0-8F584119FAFA}.Debug|Any CPU.Build.0 = Debug|Any CPU
		{650C9741-3B8B-4C85-B3A0-8F584119FAFA}.Release|Any CPU.ActiveCfg = Release|Any CPU
		{650C9741-3B8B-4C85-B3A0-8F584119FAFA}.Release|Any CPU.Build.0 = Release|Any CPU
	EndGlobalSection
	GlobalSection(SolutionProperties) = preSolution
		HideSolutionNode = FALSE
	EndGlobalSection
	GlobalSection(ExtensibilityGlobals) = postSolution
		SolutionGuid = {B2F26158-B914-403E-AAA3-3B31B73C4B9D}
	EndGlobalSection
EndGlobal
